
Microsoft Visual Studio Solution File, Format Version 11.00
# Visual C# Express 2010
Project("{FAE04EC0-301F-11D3-BF4B-00C04F79EFBC}") = "RadioButtonHesapMakinesi", "RadioButtonHesapMakinesi\RadioButtonHesapMakinesi.csproj", "{ECE7D252-C19F-41A8-B337-8C1DCACD0468}"
EndProject
Global
	GlobalSection(SolutionConfigurationPlatforms) = preSolution
		Debug|x86 = Debug|x86
		Release|x86 = Release|x86
	EndGlobalSection
	GlobalSection(ProjectConfigurationPlatforms) = postSolution
		{ECE7D252-C19F-41A8-B337-8C1DCACD0468}.Debug|x86.ActiveCfg = Debug|x86
		{ECE7D252-C19F-41A8-B337-8C1DCACD0468}.Debug|x86.Build.0 = Debug|x86
		{ECE7D252-C19F-41A8-B337-8C1DCACD0468}.Release|x86.ActiveCfg = Release|x86
		{ECE7D252-C19F-41A8-B337-8C1DCACD0468}.Release|x86.Build.0 = Release|x86
	EndGlobalSection
	GlobalSection(SolutionProperties) = preSolution
		HideSolutionNode = FALSE
	EndGlobalSection
EndGlobal
